
Microsoft Visual Studio Solution File, Format Version 12.00
# Visual Studio 15
VisualStudioVersion = 15.0.33026.149
MinimumVisualStudioVersion = 10.0.40219.1
Project("{FAE04EC0-301F-11D3-BF4B-00C04F79EFBC}") = "01EstruturaCondicional", "01EstruturaCondicional\01EstruturaCondicional.csproj", "{AD688A92-9DA1-4C22-ADCC-9B67CEFF622A}"
EndProject
Project("{FAE04EC0-301F-11D3-BF4B-00C04F79EFBC}") = "02EstruturaSequencial", "02EstruturaSequencial\02EstruturaSequencial.csproj", "{CF9EE628-FDD0-4E56-BC8A-F96A0492F33E}"
EndProject
Project("{FAE04EC0-301F-11D3-BF4B-00C04F79EFBC}") = "03EstruturaWhile", "03EstruturaWhile\03EstruturaWhile.csproj", "{77E96D41-E476-409E-AA5D-F6B584CF0223}"
EndProject
Project("{FAE04EC0-301F-11D3-BF4B-00C04F79EFBC}") = "04EstruturaFor", "04EstruturaFor\04EstruturaFor.csproj", "{A6F05D34-34F2-4882-A07F-BB4FA65D5878}"
EndProject
Project("{FAE04EC0-301F-11D3-BF4B-00C04F79EFBC}") = "05ClassePessoa", "05ClassePessoa\05ClassePessoa.csproj", "{02395B00-81D6-485E-A2E1-6E16FA4C8221}"
EndProject
Project("{FAE04EC0-301F-11D3-BF4B-00C04F79EFBC}") = "06ClasseFuncionario", "06ClasseFuncionario\06ClasseFuncionario.csproj", "{5BFD08CD-1ED6-4853-845A-1A53DB69FEA7}"
EndProject
Project("{FAE04EC0-301F-11D3-BF4B-00C04F79EFBC}") = "00PrimeirasAulas", "00PrimeirasAulas\00PrimeirasAulas.csproj", "{C4AF58CC-930F-4A9F-9D1D-F565F17494E9}"
EndProject
Project("{FAE04EC0-301F-11D3-BF4B-00C04F79EFBC}") = "07Calculadora", "07Calculadora\07Calculadora.csproj", "{98BF9289-8BF5-4818-969C-9CAC99B1B675}"
EndProject
Project("{FAE04EC0-301F-11D3-BF4B-00C04F79EFBC}") = "08Listas", "08Listas\08Listas.csproj", "{83F0C7B3-7618-4FEB-8ED0-EE1FA01509CC}"
EndProject
Project("{FAE04EC0-301F-11D3-BF4B-00C04F79EFBC}") = "09Matrizes", "09Matrizes\09Matrizes.csproj", "{FEFA92E4-BF98-4898-8F0A-4C08BF38A8B1}"
EndProject
Project("{FAE04EC0-301F-11D3-BF4B-00C04F79EFBC}") = "10StringFunctions", "10StringFunctions\10StringFunctions.csproj", "{8472C0C2-F2D7-4229-AA0E-DBBB0CF8AB03}"
EndProject
Project("{FAE04EC0-301F-11D3-BF4B-00C04F79EFBC}") = "11Time", "11Time\11Time.csproj", "{357B0CA9-C280-495E-98DB-4E737FA159DB}"
EndProject
Project("{FAE04EC0-301F-11D3-BF4B-00C04F79EFBC}") = "12Enums", "12Enums\12Enums.csproj", "{6CF3A02A-B3B2-450E-B5A2-F216DA9443B8}"
EndProject
Project("{FAE04EC0-301F-11D3-BF4B-00C04F79EFBC}") = "13EnumsExercise", "13Enums\13EnumsExercise.csproj", "{AFC77E16-077A-483B-B070-545B0642755E}"
EndProject
Project("{FAE04EC0-301F-11D3-BF4B-00C04F79EFBC}") = "14Heranca", "14Heranca\14Heranca.csproj", "{5CEF0393-C098-455E-A330-0D7E3F0D7361}"
EndProject
Project("{FAE04EC0-301F-11D3-BF4B-00C04F79EFBC}") = "15Polimorfismo", "15Polimorfismo\15Polimorfismo.csproj", "{9F35B2CC-F8E7-434D-8CD9-5370465A7C0D}"
EndProject
Project("{FAE04EC0-301F-11D3-BF4B-00C04F79EFBC}") = "16Streams", "16Streams\16Streams.csproj", "{A2A5EA97-028D-429C-A8CA-C68E3279088C}"
EndProject
Project("{FAE04EC0-301F-11D3-BF4B-00C04F79EFBC}") = "17DirectoryAndPath", "17DirectoryAndPath\17DirectoryAndPath.csproj", "{24A716CD-AD17-4892-81BA-2D67BABE0E67}"
EndProject
Project("{FAE04EC0-301F-11D3-BF4B-00C04F79EFBC}") = "18Interfaces", "18Interfaces\18Interfaces.csproj", "{089F4903-029E-410E-9F5A-CA7436AAFC7A}"
EndProject
Global
	GlobalSection(SolutionConfigurationPlatforms) = preSolution
		Debug|Any CPU = Debug|Any CPU
		Release|Any CPU = Release|Any CPU
	EndGlobalSection
	GlobalSection(ProjectConfigurationPlatforms) = postSolution
		{AD688A92-9DA1-4C22-ADCC-9B67CEFF622A}.Debug|Any CPU.ActiveCfg = Debug|Any CPU
		{AD688A92-9DA1-4C22-ADCC-9B67CEFF622A}.Debug|Any CPU.Build.0 = Debug|Any CPU
		{AD688A92-9DA1-4C22-ADCC-9B67CEFF622A}.Release|Any CPU.ActiveCfg = Release|Any CPU
		{AD688A92-9DA1-4C22-ADCC-9B67CEFF622A}.Release|Any CPU.Build.0 = Release|Any CPU
		{CF9EE628-FDD0-4E56-BC8A-F96A0492F33E}.Debug|Any CPU.ActiveCfg = Debug|Any CPU
		{CF9EE628-FDD0-4E56-BC8A-F96A0492F33E}.Debug|Any CPU.Build.0 = Debug|Any CPU
		{CF9EE628-FDD0-4E56-BC8A-F96A0492F33E}.Release|Any CPU.ActiveCfg = Release|Any CPU
		{CF9EE628-FDD0-4E56-BC8A-F96A0492F33E}.Release|Any CPU.Build.0 = Release|Any CPU
		{77E96D41-E476-409E-AA5D-F6B584CF0223}.Debug|Any CPU.ActiveCfg = Debug|Any CPU
		{77E96D41-E476-409E-AA5D-F6B584CF0223}.Debug|Any CPU.Build.0 = Debug|Any CPU
		{77E96D41-E476-409E-AA5D-F6B584CF0223}.Release|Any CPU.ActiveCfg = Release|Any CPU
		{77E96D41-E476-409E-AA5D-F6B584CF0223}.Release|Any CPU.Build.0 = Release|Any CPU
		{A6F05D34-34F2-4882-A07F-BB4FA65D5878}.Debug|Any CPU.ActiveCfg = Debug|Any CPU
		{A6F05D34-34F2-4882-A07F-BB4FA65D5878}.Debug|Any CPU.Build.0 = Debug|Any CPU
		{A6F05D34-34F2-4882-A07F-BB4FA65D5878}.Release|Any CPU.ActiveCfg = Release|Any CPU
		{A6F05D34-34F2-4882-A07F-BB4FA65D5878}.Release|Any CPU.Build.0 = Release|Any CPU
		{02395B00-81D6-485E-A2E1-6E16FA4C8221}.Debug|Any CPU.ActiveCfg = Debug|Any CPU
		{02395B00-81D6-485E-A2E1-6E16FA4C8221}.Debug|Any CPU.Build.0 = Debug|Any CPU
		{02395B00-81D6-485E-A2E1-6E16FA4C8221}.Release|Any CPU.ActiveCfg = Release|Any CPU
		{02395B00-81D6-485E-A2E1-6E16FA4C8221}.Release|Any CPU.Build.0 = Release|Any CPU
		{5BFD08CD-1ED6-4853-845A-1A53DB69FEA7}.Debug|Any CPU.ActiveCfg = Debug|Any CPU
		{5BFD08CD-1ED6-4853-845A-1A53DB69FEA7}.Debug|Any CPU.Build.0 = Debug|Any CPU
		{5BFD08CD-1ED6-4853-845A-1A53DB69FEA7}.Release|Any CPU.ActiveCfg = Release|Any CPU
		{5BFD08CD-1ED6-4853-845A-1A53DB69FEA7}.Release|Any CPU.Build.0 = Release|Any CPU
		{C4AF58CC-930F-4A9F-9D1D-F565F17494E9}.Debug|Any CPU.ActiveCfg = Debug|Any CPU
		{C4AF58CC-930F-4A9F-9D1D-F565F17494E9}.Debug|Any CPU.Build.0 = Debug|Any CPU
		{C4AF58CC-930F-4A9F-9D1D-F565F17494E9}.Release|Any CPU.ActiveCfg = Release|Any CPU
		{C4AF58CC-930F-4A9F-9D1D-F565F17494E9}.Release|Any CPU.Build.0 = Release|Any CPU
		{98BF9289-8BF5-4818-969C-9CAC99B1B675}.Debug|Any CPU.ActiveCfg = Debug|Any CPU
		{98BF9289-8BF5-4818-969C-9CAC99B1B675}.Debug|Any CPU.Build.0 = Debug|Any CPU
		{98BF9289-8BF5-4818-969C-9CAC99B1B675}.Release|Any CPU.ActiveCfg = Release|Any CPU
		{98BF9289-8BF5-4818-969C-9CAC99B1B675}.Release|Any CPU.Build.0 = Release|Any CPU
		{83F0C7B3-7618-4FEB-8ED0-EE1FA01509CC}.Debug|Any CPU.ActiveCfg = Debug|Any CPU
		{83F0C7B3-7618-4FEB-8ED0-EE1FA01509CC}.Debug|Any CPU.Build.0 = Debug|Any CPU
		{83F0C7B3-7618-4FEB-8ED0-EE1FA01509CC}.Release|Any CPU.ActiveCfg = Release|Any CPU
		{83F0C7B3-7618-4FEB-8ED0-EE1FA01509CC}.Release|Any CPU.Build.0 = Release|Any CPU
		{FEFA92E4-BF98-4898-8F0A-4C08BF38A8B1}.Debug|Any CPU.ActiveCfg = Debug|Any CPU
		{FEFA92E4-BF98-4898-8F0A-4C08BF38A8B1}.Debug|Any CPU.Build.0 = Debug|Any CPU
		{FEFA92E4-BF98-4898-8F0A-4C08BF38A8B1}.Release|Any CPU.ActiveCfg = Release|Any CPU
		{FEFA92E4-BF98-4898-8F0A-4C08BF38A8B1}.Release|Any CPU.Build.0 = Release|Any CPU
		{8472C0C2-F2D7-4229-AA0E-DBBB0CF8AB03}.Debug|Any CPU.ActiveCfg = Debug|Any CPU
		{8472C0C2-F2D7-4229-AA0E-DBBB0CF8AB03}.Debug|Any CPU.Build.0 = Debug|Any CPU
		{8472C0C2-F2D7-4229-AA0E-DBBB0CF8AB03}.Release|Any CPU.ActiveCfg = Release|Any CPU
		{8472C0C2-F2D7-4229-AA0E-DBBB0CF8AB03}.Release|Any CPU.Build.0 = Release|Any CPU
		{357B0CA9-C280-495E-98DB-4E737FA159DB}.Debug|Any CPU.ActiveCfg = Debug|Any CPU
		{357B0CA9-C280-495E-98DB-4E737FA159DB}.Debug|Any CPU.Build.0 = Debug|Any CPU
		{357B0CA9-C280-495E-98DB-4E737FA159DB}.Release|Any CPU.ActiveCfg = Release|Any CPU
		{357B0CA9-C280-495E-98DB-4E737FA159DB}.Release|Any CPU.Build.0 = Release|Any CPU
		{6CF3A02A-B3B2-450E-B5A2-F216DA9443B8}.Debug|Any CPU.ActiveCfg = Debug|Any CPU
		{6CF3A02A-B3B2-450E-B5A2-F216DA9443B8}.Debug|Any CPU.Build.0 = Debug|Any CPU
		{6CF3A02A-B3B2-450E-B5A2-F216DA9443B8}.Release|Any CPU.ActiveCfg = Release|Any CPU
		{6CF3A02A-B3B2-450E-B5A2-F216DA9443B8}.Release|Any CPU.Build.0 = Release|Any CPU
		{AFC77E16-077A-483B-B070-545B0642755E}.Debug|Any CPU.ActiveCfg = Debug|Any CPU
		{AFC77E16-077A-483B-B070-545B0642755E}.Debug|Any CPU.Build.0 = Debug|Any CPU
		{AFC77E16-077A-483B-B070-545B0642755E}.Release|Any CPU.ActiveCfg = Release|Any CPU
		{AFC77E16-077A-483B-B070-545B0642755E}.Release|Any CPU.Build.0 = Release|Any CPU
		{5CEF0393-C098-455E-A330-0D7E3F0D7361}.Debug|Any CPU.ActiveCfg = Debug|Any CPU
		{5CEF0393-C098-455E-A330-0D7E3F0D7361}.Debug|Any CPU.Build.0 = Debug|Any CPU
		{5CEF0393-C098-455E-A330-0D7E3F0D7361}.Release|Any CPU.ActiveCfg = Release|Any CPU
		{5CEF0393-C098-455E-A330-0D7E3F0D7361}.Release|Any CPU.Build.0 = Release|Any CPU
		{9F35B2CC-F8E7-434D-8CD9-5370465A7C0D}.Debug|Any CPU.ActiveCfg = Debug|Any CPU
		{9F35B2CC-F8E7-434D-8CD9-5370465A7C0D}.Debug|Any CPU.Build.0 = Debug|Any CPU
		{9F35B2CC-F8E7-434D-8CD9-5370465A7C0D}.Release|Any CPU.ActiveCfg = Release|Any CPU
		{9F35B2CC-F8E7-434D-8CD9-5370465A7C0D}.Release|Any CPU.Build.0 = Release|Any CPU
		{A2A5EA97-028D-429C-A8CA-C68E3279088C}.Debug|Any CPU.ActiveCfg = Debug|Any CPU
		{A2A5EA97-028D-429C-A8CA-C68E3279088C}.Debug|Any CPU.Build.0 = Debug|Any CPU
		{A2A5EA97-028D-429C-A8CA-C68E3279088C}.Release|Any CPU.ActiveCfg = Release|Any CPU
		{A2A5EA97-028D-429C-A8CA-C68E3279088C}.Release|Any CPU.Build.0 = Release|Any CPU
		{24A716CD-AD17-4892-81BA-2D67BABE0E67}.Debug|Any CPU.ActiveCfg = Debug|Any CPU
		{24A716CD-AD17-4892-81BA-2D67BABE0E67}.Debug|Any CPU.Build.0 = Debug|Any CPU
		{24A716CD-AD17-4892-81BA-2D67BABE0E67}.Release|Any CPU.ActiveCfg = Release|Any CPU
		{24A716CD-AD17-4892-81BA-2D67BABE0E67}.Release|Any CPU.Build.0 = Release|Any CPU
		{089F4903-029E-410E-9F5A-CA7436AAFC7A}.Debug|Any CPU.ActiveCfg = Debug|Any CPU
		{089F4903-029E-410E-9F5A-CA7436AAFC7A}.Debug|Any CPU.Build.0 = Debug|Any CPU
		{089F4903-029E-410E-9F5A-CA7436AAFC7A}.Release|Any CPU.ActiveCfg = Release|Any CPU
		{089F4903-029E-410E-9F5A-CA7436AAFC7A}.Release|Any CPU.Build.0 = Release|Any CPU
	EndGlobalSection
	GlobalSection(SolutionProperties) = preSolution
		HideSolutionNode = FALSE
	EndGlobalSection
	GlobalSection(ExtensibilityGlobals) = postSolution
		SolutionGuid = {63402076-68E0-4292-B69D-BFA780FD4BF5}
	EndGlobalSection
EndGlobal
